
Microsoft Visual Studio Solution File, Format Version 12.00
# Visual Studio Version 16
VisualStudioVersion = 16.0.29609.76
MinimumVisualStudioVersion = 10.0.40219.1
Project("{9A19103F-16F7-4668-BE54-9A1E7A4F7556}") = "Votings.Client", "Votings\Client\Votings.Client.csproj", "{A8B4AB7E-138A-431A-A647-73E403832E80}"
EndProject
Project("{9A19103F-16F7-4668-BE54-9A1E7A4F7556}") = "Votings.Server", "Votings\Server\Votings.Server.csproj", "{E42C15A7-5C7E-46D8-AED9-086586457D26}"
EndProject
Project("{9A19103F-16F7-4668-BE54-9A1E7A4F7556}") = "Votings.Shared", "Votings\Shared\Votings.Shared.csproj", "{A1742F71-03DB-432D-81D8-9D2FF7DF1DB2}"
EndProject
Project("{9A19103F-16F7-4668-BE54-9A1E7A4F7556}") = "Votings.Client.BusinessLogic", "Votings.Client.BusinessLogic\Votings.Client.BusinessLogic.csproj", "{900347CB-069D-43DF-83AC-C488B1599FED}"
EndProject
Project("{9A19103F-16F7-4668-BE54-9A1E7A4F7556}") = "Votings.Server.DAL", "Votings.Server.DAL\Votings.Server.DAL.csproj", "{8E52AFD0-EAA3-4931-AC3C-865B7ECCEC2C}"
EndProject
Project("{9A19103F-16F7-4668-BE54-9A1E7A4F7556}") = "Votings.Server.BusinessLayer", "Votings.Server.BusinessLayer\Votings.Server.BusinessLayer.csproj", "{25C8054D-5FA6-44EB-9FF9-17AB11214652}"
EndProject
Global
	GlobalSection(SolutionConfigurationPlatforms) = preSolution
		Debug|Any CPU = Debug|Any CPU
		Release|Any CPU = Release|Any CPU
	EndGlobalSection
	GlobalSection(ProjectConfigurationPlatforms) = postSolution
		{A8B4AB7E-138A-431A-A647-73E403832E80}.Debug|Any CPU.ActiveCfg = Debug|Any CPU
		{A8B4AB7E-138A-431A-A647-73E403832E80}.Debug|Any CPU.Build.0 = Debug|Any CPU
		{A8B4AB7E-138A-431A-A647-73E403832E80}.Release|Any CPU.ActiveCfg = Release|Any CPU
		{A8B4AB7E-138A-431A-A647-73E403832E80}.Release|Any CPU.Build.0 = Release|Any CPU
		{E42C15A7-5C7E-46D8-AED9-086586457D26}.Debug|Any CPU.ActiveCfg = Debug|Any CPU
		{E42C15A7-5C7E-46D8-AED9-086586457D26}.Debug|Any CPU.Build.0 = Debug|Any CPU
		{E42C15A7-5C7E-46D8-AED9-086586457D26}.Release|Any CPU.ActiveCfg = Release|Any CPU
		{E42C15A7-5C7E-46D8-AED9-086586457D26}.Release|Any CPU.Build.0 = Release|Any CPU
		{A1742F71-03DB-432D-81D8-9D2FF7DF1DB2}.Debug|Any CPU.ActiveCfg = Debug|Any CPU
		{A1742F71-03DB-432D-81D8-9D2FF7DF1DB2}.Debug|Any CPU.Build.0 = Debug|Any CPU
		{A1742F71-03DB-432D-81D8-9D2FF7DF1DB2}.Release|Any CPU.ActiveCfg = Release|Any CPU
		{A1742F71-03DB-432D-81D8-9D2FF7DF1DB2}.Release|Any CPU.Build.0 = Release|Any CPU
		{900347CB-069D-43DF-83AC-C488B1599FED}.Debug|Any CPU.ActiveCfg = Debug|Any CPU
		{900347CB-069D-43DF-83AC-C488B1599FED}.Debug|Any CPU.Build.0 = Debug|Any CPU
		{900347CB-069D-43DF-83AC-C488B1599FED}.Release|Any CPU.ActiveCfg = Release|Any CPU
		{900347CB-069D-43DF-83AC-C488B1599FED}.Release|Any CPU.Build.0 = Release|Any CPU
		{8E52AFD0-EAA3-4931-AC3C-865B7ECCEC2C}.Debug|Any CPU.ActiveCfg = Debug|Any CPU
		{8E52AFD0-EAA3-4931-AC3C-865B7ECCEC2C}.Debug|Any CPU.Build.0 = Debug|Any CPU
		{8E52AFD0-EAA3-4931-AC3C-865B7ECCEC2C}.Release|Any CPU.ActiveCfg = Release|Any CPU
		{8E52AFD0-EAA3-4931-AC3C-865B7ECCEC2C}.Release|Any CPU.Build.0 = Release|Any CPU
		{25C8054D-5FA6-44EB-9FF9-17AB11214652}.Debug|Any CPU.ActiveCfg = Debug|Any CPU
		{25C8054D-5FA6-44EB-9FF9-17AB11214652}.Debug|Any CPU.Build.0 = Debug|Any CPU
		{25C8054D-5FA6-44EB-9FF9-17AB11214652}.Release|Any CPU.ActiveCfg = Release|Any CPU
		{25C8054D-5FA6-44EB-9FF9-17AB11214652}.Release|Any CPU.Build.0 = Release|Any CPU
	EndGlobalSection
	GlobalSection(SolutionProperties) = preSolution
		HideSolutionNode = FALSE
	EndGlobalSection
	GlobalSection(ExtensibilityGlobals) = postSolution
		SolutionGuid = {ADF57E99-934D-475D-A126-E2568133D51C}
	EndGlobalSection
EndGlobal
